// !$*UTF8*$!
{
	archiveVersion = 1;
	classes = {
	};
	objectVersion = 56;
	objects = {

/* Begin PBXBuildFile section */
		7F49F66C2C054AE600E32B4A /* LocationManager.swift in Sources */ = {isa = PBXBuildFile; fileRef = 7F49F66B2C054AE600E32B4A /* LocationManager.swift */; };
		7F502CBC2BFE89C10045AD65 /* Station.swift in Sources */ = {isa = PBXBuildFile; fileRef = 7F502CBB2BFE89C10045AD65 /* Station.swift */; };
		7F502CBE2BFE89DF0045AD65 /* StationFetcher.swift in Sources */ = {isa = PBXBuildFile; fileRef = 7F502CBD2BFE89DF0045AD65 /* StationFetcher.swift */; };
		7F7BA32D2BFC693D009C0B09 /* IOS202map_04App.swift in Sources */ = {isa = PBXBuildFile; fileRef = 7F7BA32C2BFC693D009C0B09 /* IOS202map_04App.swift */; };
		7F7BA32F2BFC693D009C0B09 /* ContentView.swift in Sources */ = {isa = PBXBuildFile; fileRef = 7F7BA32E2BFC693D009C0B09 /* ContentView.swift */; };
		7F7BA3312BFC693E009C0B09 /* Assets.xcassets in Resources */ = {isa = PBXBuildFile; fileRef = 7F7BA3302BFC693E009C0B09 /* Assets.xcassets */; };
		7F7BA3342BFC693E009C0B09 /* Preview Assets.xcassets in Resources */ = {isa = PBXBuildFile; fileRef = 7F7BA3332BFC693E009C0B09 /* Preview Assets.xcassets */; };
		7F7BA33E2BFC693E009C0B09 /* IOS202map_04Tests.swift in Sources */ = {isa = PBXBuildFile; fileRef = 7F7BA33D2BFC693E009C0B09 /* IOS202map_04Tests.swift */; };
		7F7BA3482BFC693E009C0B09 /* IOS202map_04UITests.swift in Sources */ = {isa = PBXBuildFile; fileRef = 7F7BA3472BFC693E009C0B09 /* IOS202map_04UITests.swift */; };
		7F7BA34A2BFC693E009C0B09 /* IOS202map_04UITestsLaunchTests.swift in Sources */ = {isa = PBXBuildFile; fileRef = 7F7BA3492BFC693E009C0B09 /* IOS202map_04UITestsLaunchTests.swift */; };
/* End PBXBuildFile section */

/* Begin PBXContainerItemProxy section */
		7F7BA33A2BFC693E009C0B09 /* PBXContainerItemProxy */ = {
			isa = PBXContainerItemProxy;
			containerPortal = 7F7BA3212BFC693D009C0B09 /* Project object */;
			proxyType = 1;
			remoteGlobalIDString = 7F7BA3282BFC693D009C0B09;
			remoteInfo = IOS202map_04;
		};
		7F7BA3442BFC693E009C0B09 /* PBXContainerItemProxy */ = {
			isa = PBXContainerItemProxy;
			containerPortal = 7F7BA3212BFC693D009C0B09 /* Project object */;
			proxyType = 1;
			remoteGlobalIDString = 7F7BA3282BFC693D009C0B09;
			remoteInfo = IOS202map_04;
		};
/* End PBXContainerItemProxy section */

/* Begin PBXFileReference section */
		7F49F66B2C054AE600E32B4A /* LocationManager.swift */ = {isa = PBXFileReference; lastKnownFileType = sourcecode.swift; path = LocationManager.swift; sourceTree = "<group>"; };
		7F502CBB2BFE89C10045AD65 /* Station.swift */ = {isa = PBXFileReference; lastKnownFileType = sourcecode.swift; path = Station.swift; sourceTree = "<group>"; };
		7F502CBD2BFE89DF0045AD65 /* StationFetcher.swift */ = {isa = PBXFileReference; lastKnownFileType = sourcecode.swift; path = StationFetcher.swift; sourceTree = "<group>"; };
		7F7BA3292BFC693D009C0B09 /* IOS202map_04.app */ = {isa = PBXFileReference; explicitFileType = wrapper.application; includeInIndex = 0; path = IOS202map_04.app; sourceTree = BUILT_PRODUCTS_DIR; };
		7F7BA32C2BFC693D009C0B09 /* IOS202map_04App.swift */ = {isa = PBXFileReference; lastKnownFileType = sourcecode.swift; path = IOS202map_04App.swift; sourceTree = "<group>"; };
		7F7BA32E2BFC693D009C0B09 /* ContentView.swift */ = {isa = PBXFileReference; lastKnownFileType = sourcecode.swift; path = ContentView.swift; sourceTree = "<group>"; };
		7F7BA3302BFC693E009C0B09 /* Assets.xcassets */ = {isa = PBXFileReference; lastKnownFileType = folder.assetcatalog; path = Assets.xcassets; sourceTree = "<group>"; };
		7F7BA3332BFC693E009C0B09 /* Preview Assets.xcassets */ = {isa = PBXFileReference; lastKnownFileType = folder.assetcatalog; path = "Preview Assets.xcassets"; sourceTree = "<group>"; };
		7F7BA3392BFC693E009C0B09 /* IOS202map_04Tests.xctest */ = {isa = PBXFileReference; explicitFileType = wrapper.cfbundle; includeInIndex = 0; path = IOS202map_04Tests.xctest; sourceTree = BUILT_PRODUCTS_DIR; };
		7F7BA33D2BFC693E009C0B09 /* IOS202map_04Tests.swift */ = {isa = PBXFileReference; lastKnownFileType = sourcecode.swift; path = IOS202map_04Tests.swift; sourceTree = "<group>"; };
		7F7BA3432BFC693E009C0B09 /* IOS202map_04UITests.xctest */ = {isa = PBXFileReference; explicitFileType = wrapper.cfbundle; includeInIndex = 0; path = IOS202map_04UITests.xctest; sourceTree = BUILT_PRODUCTS_DIR; };
		7F7BA3472BFC693E009C0B09 /* IOS202map_04UITests.swift */ = {isa = PBXFileReference; lastKnownFileType = sourcecode.swift; path = IOS202map_04UITests.swift; sourceTree = "<group>"; };
		7F7BA3492BFC693E009C0B09 /* IOS202map_04UITestsLaunchTests.swift */ = {isa = PBXFileReference; lastKnownFileType = sourcecode.swift; path = IOS202map_04UITestsLaunchTests.swift; sourceTree = "<group>"; };
/* End PBXFileReference section */

/* Begin PBXFrameworksBuildPhase section */
		7F7BA3262BFC693D009C0B09 /* Frameworks */ = {
			isa = PBXFrameworksBuildPhase;
			buildActionMask = 2147483647;
			files = (
			);
			runOnlyForDeploymentPostprocessing = 0;
		};
		7F7BA3362BFC693E009C0B09 /* Frameworks */ = {
			isa = PBXFrameworksBuildPhase;
			buildActionMask = 2147483647;
			files = (
			);
			runOnlyForDeploymentPostprocessing = 0;
		};
		7F7BA3402BFC693E009C0B09 /* Frameworks */ = {
			isa = PBXFrameworksBuildPhase;
			buildActionMask = 2147483647;
			files = (
			);
			runOnlyForDeploymentPostprocessing = 0;
		};
/* End PBXFrameworksBuildPhase section */

/* Begin PBXGroup section */
		7F7BA3202BFC693D009C0B09 = {
			isa = PBXGroup;
			children = (
				7F7BA32B2BFC693D009C0B09 /* IOS202map_04 */,
				7F7BA33C2BFC693E009C0B09 /* IOS202map_04Tests */,
				7F7BA3462BFC693E009C0B09 /* IOS202map_04UITests */,
				7F7BA32A2BFC693D009C0B09 /* Products */,
			);
			sourceTree = "<group>";
		};
		7F7BA32A2BFC693D009C0B09 /* Products */ = {
			isa = PBXGroup;
			children = (
				7F7BA3292BFC693D009C0B09 /* IOS202map_04.app */,
				7F7BA3392BFC693E009C0B09 /* IOS202map_04Tests.xctest */,
				7F7BA3432BFC693E009C0B09 /* IOS202map_04UITests.xctest */,
			);
			name = Products;
			sourceTree = "<group>";
		};
		7F7BA32B2BFC693D009C0B09 /* IOS202map_04 */ = {
			isa = PBXGroup;
			children = (
				7F7BA32C2BFC693D009C0B09 /* IOS202map_04App.swift */,
				7F7BA32E2BFC693D009C0B09 /* ContentView.swift */,
				7F502CBB2BFE89C10045AD65 /* Station.swift */,
				7F502CBD2BFE89DF0045AD65 /* StationFetcher.swift */,
				7F49F66B2C054AE600E32B4A /* LocationManager.swift */,
				7F7BA3302BFC693E009C0B09 /* Assets.xcassets */,
				7F7BA3322BFC693E009C0B09 /* Preview Content */,
			);
			path = IOS202map_04;
			sourceTree = "<group>";
		};
		7F7BA3322BFC693E009C0B09 /* Preview Content */ = {
			isa = PBXGroup;
			children = (
				7F7BA3332BFC693E009C0B09 /* Preview Assets.xcassets */,
			);
			path = "Preview Content";
			sourceTree = "<group>";
		};
		7F7BA33C2BFC693E009C0B09 /* IOS202map_04Tests */ = {
			isa = PBXGroup;
			children = (
				7F7BA33D2BFC693E009C0B09 /* IOS202map_04Tests.swift */,
			);
			path = IOS202map_04Tests;
			sourceTree = "<group>";
		};
		7F7BA3462BFC693E009C0B09 /* IOS202map_04UITests */ = {
			isa = PBXGroup;
			children = (
				7F7BA3472BFC693E009C0B09 /* IOS202map_04UITests.swift */,
				7F7BA3492BFC693E009C0B09 /* IOS202map_04UITestsLaunchTests.swift */,
			);
			path = IOS202map_04UITests;
			sourceTree = "<group>";
		};
/* End PBXGroup section */

/* Begin PBXNativeTarget section */
		7F7BA3282BFC693D009C0B09 /* IOS202map_04 */ = {
			isa = PBXNativeTarget;
			buildConfigurationList = 7F7BA34D2BFC693E009C0B09 /* Build configuration list for PBXNativeTarget "IOS202map_04" */;
			buildPhases = (
				7F7BA3252BFC693D009C0B09 /* Sources */,
				7F7BA3262BFC693D009C0B09 /* Frameworks */,
				7F7BA3272BFC693D009C0B09 /* Resources */,
			);
			buildRules = (
			);
			dependencies = (
			);
			name = IOS202map_04;
			productName = IOS202map_04;
			productReference = 7F7BA3292BFC693D009C0B09 /* IOS202map_04.app */;
			productType = "com.apple.product-type.application";
		};
		7F7BA3382BFC693E009C0B09 /* IOS202map_04Tests */ = {
			isa = PBXNativeTarget;
			buildConfigurationList = 7F7BA3502BFC693E009C0B09 /* Build configuration list for PBXNativeTarget "IOS202map_04Tests" */;
			buildPhases = (
				7F7BA3352BFC693E009C0B09 /* Sources */,
				7F7BA3362BFC693E009C0B09 /* Frameworks */,
				7F7BA3372BFC693E009C0B09 /* Resources */,
			);
			buildRules = (
			);
			dependencies = (
				7F7BA33B2BFC693E009C0B09 /* PBXTargetDependency */,
			);
			name = IOS202map_04Tests;
			productName = IOS202map_04Tests;
			productReference = 7F7BA3392BFC693E009C0B09 /* IOS202map_04Tests.xctest */;
			productType = "com.apple.product-type.bundle.unit-test";
		};
		7F7BA3422BFC693E009C0B09 /* IOS202map_04UITests */ = {
			isa = PBXNativeTarget;
			buildConfigurationList = 7F7BA3532BFC693E009C0B09 /* Build configuration list for PBXNativeTarget "IOS202map_04UITests" */;
			buildPhases = (
				7F7BA33F2BFC693E009C0B09 /* Sources */,
				7F7BA3402BFC693E009C0B09 /* Frameworks */,
				7F7BA3412BFC693E009C0B09 /* Resources */,
			);
			buildRules = (
			);
			dependencies = (
				7F7BA3452BFC693E009C0B09 /* PBXTargetDependency */,
			);
			name = IOS202map_04UITests;
			productName = IOS202map_04UITests;
			productReference = 7F7BA3432BFC693E009C0B09 /* IOS202map_04UITests.xctest */;
			productType = "com.apple.product-type.bundle.ui-testing";
		};
/* End PBXNativeTarget section */

/* Begin PBXProject section */
		7F7BA3212BFC693D009C0B09 /* Project object */ = {
			isa = PBXProject;
			attributes = {
				BuildIndependentTargetsInParallel = 1;
				LastSwiftUpdateCheck = 1540;
				LastUpgradeCheck = 1540;
				TargetAttributes = {
					7F7BA3282BFC693D009C0B09 = {
						CreatedOnToolsVersion = 15.4;
					};
					7F7BA3382BFC693E009C0B09 = {
						CreatedOnToolsVersion = 15.4;
						TestTargetID = 7F7BA3282BFC693D009C0B09;
					};
					7F7BA3422BFC693E009C0B09 = {
						CreatedOnToolsVersion = 15.4;
						TestTargetID = 7F7BA3282BFC693D009C0B09;
					};
				};
			};
			buildConfigurationList = 7F7BA3242BFC693D009C0B09 /* Build configuration list for PBXProject "IOS202map_04" */;
			compatibilityVersion = "Xcode 14.0";
			developmentRegion = en;
			hasScannedForEncodings = 0;
			knownRegions = (
				en,
				Base,
			);
			mainGroup = 7F7BA3202BFC693D009C0B09;
			productRefGroup = 7F7BA32A2BFC693D009C0B09 /* Products */;
			projectDirPath = "";
			projectRoot = "";
			targets = (
				7F7BA3282BFC693D009C0B09 /* IOS202map_04 */,
				7F7BA3382BFC693E009C0B09 /* IOS202map_04Tests */,
				7F7BA3422BFC693E009C0B09 /* IOS202map_04UITests */,
			);
		};
/* End PBXProject section */

/* Begin PBXResourcesBuildPhase section */
		7F7BA3272BFC693D009C0B09 /* Resources */ = {
			isa = PBXResourcesBuildPhase;
			buildActionMask = 2147483647;
			files = (
				7F7BA3342BFC693E009C0B09 /* Preview Assets.xcassets in Resources */,
				7F7BA3312BFC693E009C0B09 /* Assets.xcassets in Resources */,
			);
			runOnlyForDeploymentPostprocessing = 0;
		};
		7F7BA3372BFC693E009C0B09 /* Resources */ = {
			isa = PBXResourcesBuildPhase;
			buildActionMask = 2147483647;
			files = (
			);
			runOnlyForDeploymentPostprocessing = 0;
		};
		7F7BA3412BFC693E009C0B09 /* Resources */ = {
			isa = PBXResourcesBuildPhase;
			buildActionMask = 2147483647;
			files = (
			);
			runOnlyForDeploymentPostprocessing = 0;
		};
/* End PBXResourcesBuildPhase section */

/* Begin PBXSourcesBuildPhase section */
		7F7BA3252BFC693D009C0B09 /* Sources */ = {
			isa = PBXSourcesBuildPhase;
			buildActionMask = 2147483647;
			files = (
				7F7BA32F2BFC693D009C0B09 /* ContentView.swift in Sources */,
				7F502CBC2BFE89C10045AD65 /* Station.swift in Sources */,
				7F49F66C2C054AE600E32B4A /* LocationManager.swift in Sources */,
				7F502CBE2BFE89DF0045AD65 /* StationFetcher.swift in Sources */,
				7F7BA32D2BFC693D009C0B09 /* IOS202map_04App.swift in Sources */,
			);
			runOnlyForDeploymentPostprocessing = 0;
		};
		7F7BA3352BFC693E009C0B09 /* Sources */ = {
			isa = PBXSourcesBuildPhase;
			buildActionMask = 2147483647;
			files = (
				7F7BA33E2BFC693E009C0B09 /* IOS202map_04Tests.swift in Sources */,
			);
			runOnlyForDeploymentPostprocessing = 0;
		};
		7F7BA33F2BFC693E009C0B09 /* Sources */ = {
			isa = PBXSourcesBuildPhase;
			buildActionMask = 2147483647;
			files = (
				7F7BA34A2BFC693E009C0B09 /* IOS202map_04UITestsLaunchTests.swift in Sources */,
				7F7BA3482BFC693E009C0B09 /* IOS202map_04UITests.swift in Sources */,
			);
			runOnlyForDeploymentPostprocessing = 0;
		};
/* End PBXSourcesBuildPhase section */

/* Begin PBXTargetDependency section */
		7F7BA33B2BFC693E009C0B09 /* PBXTargetDependency */ = {
			isa = PBXTargetDependency;
			target = 7F7BA3282BFC693D009C0B09 /* IOS202map_04 */;
			targetProxy = 7F7BA33A2BFC693E009C0B09 /* PBXContainerItemProxy */;
		};
		7F7BA3452BFC693E009C0B09 /* PBXTargetDependency */ = {
			isa = PBXTargetDependency;
			target = 7F7BA3282BFC693D009C0B09 /* IOS202map_04 */;
			targetProxy = 7F7BA3442BFC693E009C0B09 /* PBXContainerItemProxy */;
		};
/* End PBXTargetDependency section */

/* Begin XCBuildConfiguration section */
		7F7BA34B2BFC693E009C0B09 /* Debug */ = {
			isa = XCBuildConfiguration;
			buildSettings = {
				ALWAYS_SEARCH_USER_PATHS = NO;
				ASSETCATALOG_COMPILER_GENERATE_SWIFT_ASSET_SYMBOL_EXTENSIONS = YES;
				CLANG_ANALYZER_NONNULL = YES;
				CLANG_ANALYZER_NUMBER_OBJECT_CONVERSION = YES_AGGRESSIVE;
				CLANG_CXX_LANGUAGE_STANDARD = "gnu++20";
				CLANG_ENABLE_MODULES = YES;
				CLANG_ENABLE_OBJC_ARC = YES;
				CLANG_ENABLE_OBJC_WEAK = YES;
				CLANG_WARN_BLOCK_CAPTURE_AUTORELEASING = YES;
				CLANG_WARN_BOOL_CONVERSION = YES;
				CLANG_WARN_COMMA = YES;
				CLANG_WARN_CONSTANT_CONVERSION = YES;
				CLANG_WARN_DEPRECATED_OBJC_IMPLEMENTATIONS = YES;
				CLANG_WARN_DIRECT_OBJC_ISA_USAGE = YES_ERROR;
				CLANG_WARN_DOCUMENTATION_COMMENTS = YES;
				CLANG_WARN_EMPTY_BODY = YES;
				CLANG_WARN_ENUM_CONVERSION = YES;
				CLANG_WARN_INFINITE_RECURSION = YES;
				CLANG_WARN_INT_CONVERSION = YES;
				CLANG_WARN_NON_LITERAL_NULL_CONVERSION = YES;
				CLANG_WARN_OBJC_IMPLICIT_RETAIN_SELF = YES;
				CLANG_WARN_OBJC_LITERAL_CONVERSION = YES;
				CLANG_WARN_OBJC_ROOT_CLASS = YES_ERROR;
				CLANG_WARN_QUOTED_INCLUDE_IN_FRAMEWORK_HEADER = YES;
				CLANG_WARN_RANGE_LOOP_ANALYSIS = YES;
				CLANG_WARN_STRICT_PROTOTYPES = YES;
				CLANG_WARN_SUSPICIOUS_MOVE = YES;
				CLANG_WARN_UNGUARDED_AVAILABILITY = YES_AGGRESSIVE;
				CLANG_WARN_UNREACHABLE_CODE = YES;
				CLANG_WARN__DUPLICATE_METHOD_MATCH = YES;
				COPY_PHASE_STRIP = NO;
				DEBUG_INFORMATION_FORMAT = dwarf;
				ENABLE_STRICT_OBJC_MSGSEND = YES;
				ENABLE_TESTABILITY = YES;
				ENABLE_USER_SCRIPT_SANDBOXING = YES;
				GCC_C_LANGUAGE_STANDARD = gnu17;
				GCC_DYNAMIC_NO_PIC = NO;
				GCC_NO_COMMON_BLOCKS = YES;
				GCC_OPTIMIZATION_LEVEL = 0;
				GCC_PREPROCESSOR_DEFINITIONS = (
					"DEBUG=1",
					"$(inherited)",
				);
				GCC_WARN_64_TO_32_BIT_CONVERSION = YES;
				GCC_WARN_ABOUT_RETURN_TYPE = YES_ERROR;
				GCC_WARN_UNDECLARED_SELECTOR = YES;
				GCC_WARN_UNINITIALIZED_AUTOS = YES_AGGRESSIVE;
				GCC_WARN_UNUSED_FUNCTION = YES;
				GCC_WARN_UNUSED_VARIABLE = YES;
				IPHONEOS_DEPLOYMENT_TARGET = 17.5;
				LOCALIZATION_PREFERS_STRING_CATALOGS = YES;
				MTL_ENABLE_DEBUG_INFO = INCLUDE_SOURCE;
				MTL_FAST_MATH = YES;
				ONLY_ACTIVE_ARCH = YES;
				SDKROOT = iphoneos;
				SWIFT_ACTIVE_COMPILATION_CONDITIONS = "DEBUG $(inherited)";
				SWIFT_OPTIMIZATION_LEVEL = "-Onone";
			};
			name = Debug;
		};
		7F7BA34C2BFC693E009C0B09 /* Release */ = {
			isa = XCBuildConfiguration;
			buildSettings = {
				ALWAYS_SEARCH_USER_PATHS = NO;
				ASSETCATALOG_COMPILER_GENERATE_SWIFT_ASSET_SYMBOL_EXTENSIONS = YES;
				CLANG_ANALYZER_NONNULL = YES;
				CLANG_ANALYZER_NUMBER_OBJECT_CONVERSION = YES_AGGRESSIVE;
				CLANG_CXX_LANGUAGE_STANDARD = "gnu++20";
				CLANG_ENABLE_MODULES = YES;
				CLANG_ENABLE_OBJC_ARC = YES;
				CLANG_ENABLE_OBJC_WEAK = YES;
				CLANG_WARN_BLOCK_CAPTURE_AUTORELEASING = YES;
				CLANG_WARN_BOOL_CONVERSION = YES;
				CLANG_WARN_COMMA = YES;
				CLANG_WARN_CONSTANT_CONVERSION = YES;
				CLANG_WARN_DEPRECATED_OBJC_IMPLEMENTATIONS = YES;
				CLANG_WARN_DIRECT_OBJC_ISA_USAGE = YES_ERROR;
				CLANG_WARN_DOCUMENTATION_COMMENTS = YES;
				CLANG_WARN_EMPTY_BODY = YES;
				CLANG_WARN_ENUM_CONVERSION = YES;
				CLANG_WARN_INFINITE_RECURSION = YES;
				CLANG_WARN_INT_CONVERSION = YES;
				CLANG_WARN_NON_LITERAL_NULL_CONVERSION = YES;
				CLANG_WARN_OBJC_IMPLICIT_RETAIN_SELF = YES;
				CLANG_WARN_OBJC_LITERAL_CONVERSION = YES;
				CLANG_WARN_OBJC_ROOT_CLASS = YES_ERROR;
				CLANG_WARN_QUOTED_INCLUDE_IN_FRAMEWORK_HEADER = YES;
				CLANG_WARN_RANGE_LOOP_ANALYSIS = YES;
				CLANG_WARN_STRICT_PROTOTYPES = YES;
				CLANG_WARN_SUSPICIOUS_MOVE = YES;
				CLANG_WARN_UNGUARDED_AVAILABILITY = YES_AGGRESSIVE;
				CLANG_WARN_UNREACHABLE_CODE = YES;
				CLANG_WARN__DUPLICATE_METHOD_MATCH = YES;
				COPY_PHASE_STRIP = NO;
				DEBUG_INFORMATION_FORMAT = "dwarf-with-dsym";
				ENABLE_NS_ASSERTIONS = NO;
				ENABLE_STRICT_OBJC_MSGSEND = YES;
				ENABLE_USER_SCRIPT_SANDBOXING = YES;
				GCC_C_LANGUAGE_STANDARD = gnu17;
				GCC_NO_COMMON_BLOCKS = YES;
				GCC_WARN_64_TO_32_BIT_CONVERSION = YES;
				GCC_WARN_ABOUT_RETURN_TYPE = YES_ERROR;
				GCC_WARN_UNDECLARED_SELECTOR = YES;
				GCC_WARN_UNINITIALIZED_AUTOS = YES_AGGRESSIVE;
				GCC_WARN_UNUSED_FUNCTION = YES;
				GCC_WARN_UNUSED_VARIABLE = YES;
				IPHONEOS_DEPLOYMENT_TARGET = 17.5;
				LOCALIZATION_PREFERS_STRING_CATALOGS = YES;
				MTL_ENABLE_DEBUG_INFO = NO;
				MTL_FAST_MATH = YES;
				SDKROOT = iphoneos;
				SWIFT_COMPILATION_MODE = wholemodule;
				VALIDATE_PRODUCT = YES;
			};
			name = Release;
		};
		7F7BA34E2BFC693E009C0B09 /* Debug */ = {
			isa = XCBuildConfiguration;
			buildSettings = {
				ASSETCATALOG_COMPILER_APPICON_NAME = AppIcon;
				ASSETCATALOG_COMPILER_GLOBAL_ACCENT_COLOR_NAME = AccentColor;
				CODE_SIGN_STYLE = Automatic;
				CURRENT_PROJECT_VERSION = 1;
				DEVELOPMENT_ASSET_PATHS = "\"IOS202map_04/Preview Content\"";
				DEVELOPMENT_TEAM = 22UFGCH79V;
				ENABLE_PREVIEWS = YES;
				GENERATE_INFOPLIST_FILE = YES;
				INFOPLIST_KEY_NSLocationWhenInUseUsageDescription = "Get location information";
				INFOPLIST_KEY_UIApplicationSceneManifest_Generation = YES;
				INFOPLIST_KEY_UIApplicationSupportsIndirectInputEvents = YES;
				INFOPLIST_KEY_UILaunchScreen_Generation = YES;
				INFOPLIST_KEY_UISupportedInterfaceOrientations_iPad = "UIInterfaceOrientationPortrait UIInterfaceOrientationPortraitUpsideDown UIInterfaceOrientationLandscapeLeft UIInterfaceOrientationLandscapeRight";
				INFOPLIST_KEY_UISupportedInterfaceOrientations_iPhone = "UIInterfaceOrientationPortrait UIInterfaceOrientationLandscapeLeft UIInterfaceOrientationLandscapeRight";
				IPHONEOS_DEPLOYMENT_TARGET = 17.0;
				LD_RUNPATH_SEARCH_PATHS = (
					"$(inherited)",
					"@executable_path/Frameworks",
				);
				MARKETING_VERSION = 1.0;
				PRODUCT_BUNDLE_IDENTIFIER = "com.example.IOS202map-04";
				PRODUCT_NAME = "$(TARGET_NAME)";
				SWIFT_EMIT_LOC_STRINGS = YES;
				SWIFT_VERSION = 5.0;
				TARGETED_DEVICE_FAMILY = "1,2";
			};
			name = Debug;
		};
		7F7BA34F2BFC693E009C0B09 /* Release */ = {
			isa = XCBuildConfiguration;
			buildSettings = {
				ASSETCATALOG_COMPILER_APPICON_NAME = AppIcon;
				ASSETCATALOG_COMPILER_GLOBAL_ACCENT_COLOR_NAME = AccentColor;
				CODE_SIGN_STYLE = Automatic;
				CURRENT_PROJECT_VERSION = 1;
				DEVELOPMENT_ASSET_PATHS = "\"IOS202map_04/Preview Content\"";
				DEVELOPMENT_TEAM = 22UFGCH79V;
				ENABLE_PREVIEWS = YES;
				GENERATE_INFOPLIST_FILE = YES;
				INFOPLIST_KEY_NSLocationWhenInUseUsageDescription = "Get location information";
				INFOPLIST_KEY_UIApplicationSceneManifest_Generation = YES;
				INFOPLIST_KEY_UIApplicationSupportsIndirectInputEvents = YES;
				INFOPLIST_KEY_UILaunchScreen_Generation = YES;
				INFOPLIST_KEY_UISupportedInterfaceOrientations_iPad = "UIInterfaceOrientationPortrait UIInterfaceOrientationPortraitUpsideDown UIInterfaceOrientationLandscapeLeft UIInterfaceOrientationLandscapeRight";
				INFOPLIST_KEY_UISupportedInterfaceOrientations_iPhone = "UIInterfaceOrientationPortrait UIInterfaceOrientationLandscapeLeft UIInterfaceOrientationLandscapeRight";
				IPHONEOS_DEPLOYMENT_TARGET = 17.0;
				LD_RUNPATH_SEARCH_PATHS = (
					"$(inherited)",
					"@executable_path/Frameworks",
				);
				MARKETING_VERSION = 1.0;
				PRODUCT_BUNDLE_IDENTIFIER = "com.example.IOS202map-04";
				PRODUCT_NAME = "$(TARGET_NAME)";
				SWIFT_EMIT_LOC_STRINGS = YES;
				SWIFT_VERSION = 5.0;
				TARGETED_DEVICE_FAMILY = "1,2";
			};
			name = Release;
		};
		7F7BA3512BFC693E009C0B09 /* Debug */ = {
			isa = XCBuildConfiguration;
			buildSettings = {
				ALWAYS_EMBED_SWIFT_STANDARD_LIBRARIES = YES;
				BUNDLE_LOADER = "$(TEST_HOST)";
				CODE_SIGN_STYLE = Automatic;
				CURRENT_PROJECT_VERSION = 1;
				DEVELOPMENT_TEAM = 22UFGCH79V;
				GENERATE_INFOPLIST_FILE = YES;
				IPHONEOS_DEPLOYMENT_TARGET = 17.5;
				MARKETING_VERSION = 1.0;
				PRODUCT_BUNDLE_IDENTIFIER = "com.example.IOS202map-04Tests";
				PRODUCT_NAME = "$(TARGET_NAME)";
				SWIFT_EMIT_LOC_STRINGS = NO;
				SWIFT_VERSION = 5.0;
				TARGETED_DEVICE_FAMILY = "1,2";
				TEST_HOST = "$(BUILT_PRODUCTS_DIR)/IOS202map_04.app/$(BUNDLE_EXECUTABLE_FOLDER_PATH)/IOS202map_04";
			};
			name = Debug;
		};
		7F7BA3522BFC693E009C0B09 /* Release */ = {
			isa = XCBuildConfiguration;
			buildSettings = {
				ALWAYS_EMBED_SWIFT_STANDARD_LIBRARIES = YES;
				BUNDLE_LOADER = "$(TEST_HOST)";
				CODE_SIGN_STYLE = Automatic;
				CURRENT_PROJECT_VERSION = 1;
				DEVELOPMENT_TEAM = 22UFGCH79V;
				GENERATE_INFOPLIST_FILE = YES;
				IPHONEOS_DEPLOYMENT_TARGET = 17.5;
				MARKETING_VERSION = 1.0;
				PRODUCT_BUNDLE_IDENTIFIER = "com.example.IOS202map-04Tests";
				PRODUCT_NAME = "$(TARGET_NAME)";
				SWIFT_EMIT_LOC_STRINGS = NO;
				SWIFT_VERSION = 5.0;
				TARGETED_DEVICE_FAMILY = "1,2";
				TEST_HOST = "$(BUILT_PRODUCTS_DIR)/IOS202map_04.app/$(BUNDLE_EXECUTABLE_FOLDER_PATH)/IOS202map_04";
			};
			name = Release;
		};
		7F7BA3542BFC693E009C0B09 /* Debug */ = {
			isa = XCBuildConfiguration;
			buildSettings = {
				ALWAYS_EMBED_SWIFT_STANDARD_LIBRARIES = YES;
				CODE_SIGN_STYLE = Automatic;
				CURRENT_PROJECT_VERSION = 1;
				DEVELOPMENT_TEAM = 22UFGCH79V;
				GENERATE_INFOPLIST_FILE = YES;
				MARKETING_VERSION = 1.0;
				PRODUCT_BUNDLE_IDENTIFIER = "com.example.IOS202map-04UITests";
				PRODUCT_NAME = "$(TARGET_NAME)";
				SWIFT_EMIT_LOC_STRINGS = NO;
				SWIFT_VERSION = 5.0;
				TARGETED_DEVICE_FAMILY = "1,2";
				TEST_TARGET_NAME = IOS202map_04;
			};
			name = Debug;
		};
		7F7BA3552BFC693E009C0B09 /* Release */ = {
			isa = XCBuildConfiguration;
			buildSettings = {
				ALWAYS_EMBED_SWIFT_STANDARD_LIBRARIES = YES;
				CODE_SIGN_STYLE = Automatic;
				CURRENT_PROJECT_VERSION = 1;
				DEVELOPMENT_TEAM = 22UFGCH79V;
				GENERATE_INFOPLIST_FILE = YES;
				MARKETING_VERSION = 1.0;
				PRODUCT_BUNDLE_IDENTIFIER = "com.example.IOS202map-04UITests";
				PRODUCT_NAME = "$(TARGET_NAME)";
				SWIFT_EMIT_LOC_STRINGS = NO;
				SWIFT_VERSION = 5.0;
				TARGETED_DEVICE_FAMILY = "1,2";
				TEST_TARGET_NAME = IOS202map_04;
			};
			name = Release;
		};
/* End XCBuildConfiguration section */

/* Begin XCConfigurationList section */
		7F7BA3242BFC693D009C0B09 /* Build configuration list for PBXProject "IOS202map_04" */ = {
			isa = XCConfigurationList;
			buildConfigurations = (
				7F7BA34B2BFC693E009C0B09 /* Debug */,
				7F7BA34C2BFC693E009C0B09 /* Release */,
			);
			defaultConfigurationIsVisible = 0;
			defaultConfigurationName = Release;
		};
		7F7BA34D2BFC693E009C0B09 /* Build configuration list for PBXNativeTarget "IOS202map_04" */ = {
			isa = XCConfigurationList;
			buildConfigurations = (
				7F7BA34E2BFC693E009C0B09 /* Debug */,
				7F7BA34F2BFC693E009C0B09 /* Release */,
			);
			defaultConfigurationIsVisible = 0;
			defaultConfigurationName = Release;
		};
		7F7BA3502BFC693E009C0B09 /* Build configuration list for PBXNativeTarget "IOS202map_04Tests" */ = {
			isa = XCConfigurationList;
			buildConfigurations = (
				7F7BA3512BFC693E009C0B09 /* Debug */,
				7F7BA3522BFC693E009C0B09 /* Release */,
			);
			defaultConfigurationIsVisible = 0;
			defaultConfigurationName = Release;
		};
		7F7BA3532BFC693E009C0B09 /* Build configuration list for PBXNativeTarget "IOS202map_04UITests" */ = {
			isa = XCConfigurationList;
			buildConfigurations = (
				7F7BA3542BFC693E009C0B09 /* Debug */,
				7F7BA3552BFC693E009C0B09 /* Release */,
			);
			defaultConfigurationIsVisible = 0;
			defaultConfigurationName = Release;
		};
/* End XCConfigurationList section */
	};
	rootObject = 7F7BA3212BFC693D009C0B09 /* Project object */;
}
